PODS:
  - SearchBar (0.0.1)

DEPENDENCIES:
  - SearchBar (from `https://github.com/aashishtamsya/SearchBar`, branch `feature/5`)

EXTERNAL SOURCES:
  SearchBar:
    :branch: feature/5
    :git: https://github.com/aashishtamsya/SearchBar

CHECKOUT OPTIONS:
  SearchBar:
    :commit: ff05b2978e032f4ba8061eb6404df482a309fc4d
    :git: https://github.com/aashishtamsya/SearchBar

SPEC CHECKSUMS:
  SearchBar: 1ba66b3414d807cbb04d7049fae3f922856cf33d

PODFILE CHECKSUM: e3fb16e2b9d23253092114af2f64ddcf4352efd2

COCOAPODS: 1.7.3
